PODS:
  - Alamofire (4.4.0)
  - AlamofireObjectMapper (4.1.0):
    - Alamofire (~> 4.1)
    - ObjectMapper (~> 2.0)
  - Kingfisher (3.5.2)
  - ObjectMapper (2.2.5)
  - R.swift (3.2.0):
    - R.swift.Library (~> 3.0.2)
  - R.swift.Library (3.0.2)
  - RxSwift (3.3.1)
  - SwiftSpinner (1.1.0)

DEPENDENCIES:
  - AlamofireObjectMapper (~> 4.1.0)
  - Kingfisher (~> 3.5.2)
  - R.swift
  - RxSwift (= 3.3.1)
  - SwiftSpinner (~> 1.1.0)

SPEC CHECKSUMS:
  Alamofire: dc44b1600b800eb63da6a19039a0083d62a6a62d
  AlamofireObjectMapper: 435adc82f5b367679bd9e71c4974a54efd0b2521
  Kingfisher: 9950e382c500b6834ce004c7c4131c444e90c3a1
  ObjectMapper: fb30f71e08470d1e5a20b199fafe1246281db898
  R.swift: 207a372a2b5977caef440c696a368009460641d1
  R.swift.Library: fbdec16c9802ad104fc1ba53415dc190e6ec5c73
  RxSwift: 8fc9f2de6275a9101d518444e00bf32f1a42caac
  SwiftSpinner: c03815614599b91eea46594bd52ba742849d0414

PODFILE CHECKSUM: 3ee6e87bb2d9385bf40ef0cb712aca24f0d2fadd

COCOAPODS: 1.2.0
